
Microsoft Visual Studio Solution File, Format Version 12.00
# Visual Studio 2013
VisualStudioVersion = 12.0.21005.1
MinimumVisualStudioVersion = 10.0.40219.1
Project("{FAE04EC0-301F-11D3-BF4B-00C04F79EFBC}") = "SuperTienda", "SuperTienda\SuperTienda.csproj", "{E33ED05C-7E64-44F0-AD6C-9F55581B5E1D}"
EndProject
Project("{FAE04EC0-301F-11D3-BF4B-00C04F79EFBC}") = "SuperTienda.Tests", "SuperTienda.Tests\SuperTienda.Tests.csproj", "{31CCF77F-0043-44A8-9033-601F47C373E8}"
EndProject
Global
	GlobalSection(SolutionConfigurationPlatforms) = preSolution
		Debug|Any CPU = Debug|Any CPU
		Release|Any CPU = Release|Any CPU
	EndGlobalSection
	GlobalSection(ProjectConfigurationPlatforms) = postSolution
		{E33ED05C-7E64-44F0-AD6C-9F55581B5E1D}.Debug|Any CPU.ActiveCfg = Debug|Any CPU
		{E33ED05C-7E64-44F0-AD6C-9F55581B5E1D}.Debug|Any CPU.Build.0 = Debug|Any CPU
		{E33ED05C-7E64-44F0-AD6C-9F55581B5E1D}.Release|Any CPU.ActiveCfg = Release|Any CPU
		{E33ED05C-7E64-44F0-AD6C-9F55581B5E1D}.Release|Any CPU.Build.0 = Release|Any CPU
		{31CCF77F-0043-44A8-9033-601F47C373E8}.Debug|Any CPU.ActiveCfg = Debug|Any CPU
		{31CCF77F-0043-44A8-9033-601F47C373E8}.Debug|Any CPU.Build.0 = Debug|Any CPU
		{31CCF77F-0043-44A8-9033-601F47C373E8}.Release|Any CPU.ActiveCfg = Release|Any CPU
		{31CCF77F-0043-44A8-9033-601F47C373E8}.Release|Any CPU.Build.0 = Release|Any CPU
	EndGlobalSection
	GlobalSection(SolutionProperties) = preSolution
		HideSolutionNode = FALSE
	EndGlobalSection
EndGlobal
